<?xml version="1.0" encoding="utf-8"?>
<Project ToolsVersion="4.0" xmlns="http://schemas.microsoft.com/developer/msbuild/2003">
  <ItemGroup>
    <Filter Include="리소스 파일">
      <UniqueIdentifier>{67DA6AB6-F800-4c08-8B7A-83BB121AAD01}</UniqueIdentifier>
      <Extensions>rc;ico;cur;bmp;dlg;rc2;rct;bin;rgs;gif;jpg;jpeg;jpe;resx;tiff;tif;png;wav;mfcribbon-ms</Extensions>
    </Filter>
    <Filter Include="Main">
      <UniqueIdentifier>{724d9adb-814a-4424-a470-7844eb8e1118}</UniqueIdentifier>
    </Filter>
    <Filter Include="Board">
      <UniqueIdentifier>{5144fb93-c5ad-4c78-beb7-ba6b6eeffde2}</UniqueIdentifier>
    </Filter>
  </ItemGroup>
  <ItemGroup>
    <ClCompile Include="pch.cpp">
      <Filter>Main</Filter>
    </ClCompile>
    <ClCompile Include="Board.cpp">
      <Filter>Board</Filter>
    </ClCompile>
    <ClCompile Include="Block.cpp">
      <Filter>Board</Filter>
    </ClCompile>
    <ClCompile Include="ConsoleHelper.cpp">
      <Filter>Board</Filter>
    </ClCompile>
    <ClCompile Include="Tetris.cpp">
      <Filter>Main</Filter>
    </ClCompile>
  </ItemGroup>
  <ItemGroup>
    <ClInclude Include="pch.h">
      <Filter>Main</Filter>
    </ClInclude>
    <ClInclude Include="Board.h">
      <Filter>Board</Filter>
    </ClInclude>
    <ClInclude Include="Block.h">
      <Filter>Board</Filter>
    </ClInclude>
    <ClInclude Include="ConsoleHelper.h">
      <Filter>Board</Filter>
    </ClInclude>
    <ClInclude Include="Types.h">
      <Filter>Main</Filter>
    </ClInclude>
  </ItemGroup>
</Project>